// !$*UTF8*$!
{
	archiveVersion = 1;
	classes = {
	};
	objectVersion = 50;
	objects = {

/* Begin PBXBuildFile section */
		51F03DFC1254E20360E71844 /* Pods_Test1.framework in Frameworks */ = {isa = PBXBuildFile; fileRef = DF4EDA1242B80893DFA07382 /* Pods_Test1.framework */; };
		9506DFFE2170B03B002A6FFC /* AppDelegate.swift in Sources */ = {isa = PBXBuildFile; fileRef = 9506DFFD2170B03B002A6FFC /* AppDelegate.swift */; };
		9506E0002170B03B002A6FFC /* RootTabBarController.swift in Sources */ = {isa = PBXBuildFile; fileRef = 9506DFFF2170B03B002A6FFC /* RootTabBarController.swift */; };
		9506E0052170B03D002A6FFC /* Assets.xcassets in Resources */ = {isa = PBXBuildFile; fileRef = 9506E0042170B03D002A6FFC /* Assets.xcassets */; };
		9506E0082170B03D002A6FFC /* LaunchScreen.storyboard in Resources */ = {isa = PBXBuildFile; fileRef = 9506E0062170B03D002A6FFC /* LaunchScreen.storyboard */; };
		9506E0102170B188002A6FFC /* AllAdvertisingsController.swift in Sources */ = {isa = PBXBuildFile; fileRef = 9506E00F2170B188002A6FFC /* AllAdvertisingsController.swift */; };
		9506E0122170B36D002A6FFC /* ProfileTabViewController.swift in Sources */ = {isa = PBXBuildFile; fileRef = 9506E0112170B36D002A6FFC /* ProfileTabViewController.swift */; };
		9506E0162170C3EE002A6FFC /* DetailAdvertisingController.swift in Sources */ = {isa = PBXBuildFile; fileRef = 9506E0152170C3EE002A6FFC /* DetailAdvertisingController.swift */; };
		9508F194217245CA00A5F4E0 /* UIView+Helper.swift in Sources */ = {isa = PBXBuildFile; fileRef = 9508F193217245CA00A5F4E0 /* UIView+Helper.swift */; };
		9508F19621724A1A00A5F4E0 /* AdvertisingModel.swift in Sources */ = {isa = PBXBuildFile; fileRef = 9508F19521724A1A00A5F4E0 /* AdvertisingModel.swift */; };
		9524FBCD218181A700650937 /* Protocols.swift in Sources */ = {isa = PBXBuildFile; fileRef = 9524FBCC218181A700650937 /* Protocols.swift */; };
		9553BCFE218B9594001B28F7 /* PopupChooseLocationViewController.swift in Sources */ = {isa = PBXBuildFile; fileRef = 9553BCFD218B9594001B28F7 /* PopupChooseLocationViewController.swift */; };
		957FC84521710CB10011CD8C /* UIButton+Helper.swift in Sources */ = {isa = PBXBuildFile; fileRef = 957FC84421710CB10011CD8C /* UIButton+Helper.swift */; };
		957FC847217127650011CD8C /* NewAdvertisingController.swift in Sources */ = {isa = PBXBuildFile; fileRef = 957FC846217127650011CD8C /* NewAdvertisingController.swift */; };
		95A28174217EF6B7004162A3 /* NewAdvertisingImageCell.swift in Sources */ = {isa = PBXBuildFile; fileRef = 95A28173217EF6B7004162A3 /* NewAdvertisingImageCell.swift */; };
		95C563E1217906A60084C265 /* UIImageView+Helper.swift in Sources */ = {isa = PBXBuildFile; fileRef = 95C563E0217906A60084C265 /* UIImageView+Helper.swift */; };
		95CE1A072175A76300673470 /* Utils.swift in Sources */ = {isa = PBXBuildFile; fileRef = 95CE1A062175A76300673470 /* Utils.swift */; };
		95CE1A092175A78700673470 /* UILabel+Helper.swift in Sources */ = {isa = PBXBuildFile; fileRef = 95CE1A082175A78700673470 /* UILabel+Helper.swift */; };
		95D8D8B5218CF584002EF37F /* PopupChooseLocationTableViewCell.swift in Sources */ = {isa = PBXBuildFile; fileRef = 95D8D8B4218CF584002EF37F /* PopupChooseLocationTableViewCell.swift */; };
		95D92A052171AF4F0019FAFF /* CustomNavigationController.swift in Sources */ = {isa = PBXBuildFile; fileRef = 95D92A042171AF4F0019FAFF /* CustomNavigationController.swift */; };
		95D92A092171B30C0019FAFF /* AdvertisingCell.swift in Sources */ = {isa = PBXBuildFile; fileRef = 95D92A082171B30C0019FAFF /* AdvertisingCell.swift */; };
		95D92A0B2171B3330019FAFF /* BaseCell.swift in Sources */ = {isa = PBXBuildFile; fileRef = 95D92A0A2171B3330019FAFF /* BaseCell.swift */; };
		95D92A0E2171D2030019FAFF /* UIColor+Helper.swift in Sources */ = {isa = PBXBuildFile; fileRef = 95D92A0D2171D2030019FAFF /* UIColor+Helper.swift */; };
		95D92A102171D2340019FAFF /* UIImage+Helper.swift in Sources */ = {isa = PBXBuildFile; fileRef = 95D92A0F2171D2340019FAFF /* UIImage+Helper.swift */; };
		95E8EE45217DE51700735627 /* Const.swift in Sources */ = {isa = PBXBuildFile; fileRef = 95E8EE44217DE51700735627 /* Const.swift */; };
		95E8EE47217DF36800735627 /* MyAdvertisingsViewController.swift in Sources */ = {isa = PBXBuildFile; fileRef = 95E8EE46217DF36800735627 /* MyAdvertisingsViewController.swift */; };
		95E8EE49217DF93F00735627 /* LoginAndRegisterViewController.swift in Sources */ = {isa = PBXBuildFile; fileRef = 95E8EE48217DF93F00735627 /* LoginAndRegisterViewController.swift */; };
		95E8EE4B217E01B300735627 /* MyFavAdvertisingViewController.swift in Sources */ = {isa = PBXBuildFile; fileRef = 95E8EE4A217E01B300735627 /* MyFavAdvertisingViewController.swift */; };
		95E8EE4D217E01CF00735627 /* AboutDivarViewController.swift in Sources */ = {isa = PBXBuildFile; fileRef = 95E8EE4C217E01CF00735627 /* AboutDivarViewController.swift */; };
		95E8EE4F217E01E100735627 /* AboutUsViewController.swift in Sources */ = {isa = PBXBuildFile; fileRef = 95E8EE4E217E01E100735627 /* AboutUsViewController.swift */; };
		95E9A3E4218B643100274016 /* CustomPopupVeiwController.swift in Sources */ = {isa = PBXBuildFile; fileRef = 95E9A3E3218B643100274016 /* CustomPopupVeiwController.swift */; };
		95FF44C0218726E5005E83FE /* KeychainItemAccessibility.swift in Sources */ = {isa = PBXBuildFile; fileRef = 95FF44BF218726E5005E83FE /* KeychainItemAccessibility.swift */; };
		95FF44C22187274D005E83FE /* KeychainWrapper.swift in Sources */ = {isa = PBXBuildFile; fileRef = 95FF44C12187274D005E83FE /* KeychainWrapper.swift */; };
		95FF44C521874908005E83FE /* BaseService.swift in Sources */ = {isa = PBXBuildFile; fileRef = 95FF44C421874908005E83FE /* BaseService.swift */; };
		95FF44C721874977005E83FE /* APIService.swift in Sources */ = {isa = PBXBuildFile; fileRef = 95FF44C621874977005E83FE /* APIService.swift */; };
/* End PBXBuildFile section */

/* Begin PBXFileReference section */
		789D039395947D08F8D8FD30 /* Pods-Test1.debug.xcconfig */ = {isa = PBXFileReference; includeInIndex = 1; lastKnownFileType = text.xcconfig; name = "Pods-Test1.debug.xcconfig"; path = "Pods/Target Support Files/Pods-Test1/Pods-Test1.debug.xcconfig"; sourceTree = "<group>"; };
		9506DFFA2170B03B002A6FFC /* Test1.app */ = {isa = PBXFileReference; explicitFileType = wrapper.application; includeInIndex = 0; path = Test1.app; sourceTree = BUILT_PRODUCTS_DIR; };
		9506DFFD2170B03B002A6FFC /* AppDelegate.swift */ = {isa = PBXFileReference; lastKnownFileType = sourcecode.swift; path = AppDelegate.swift; sourceTree = "<group>"; };
		9506DFFF2170B03B002A6FFC /* RootTabBarController.swift */ = {isa = PBXFileReference; lastKnownFileType = sourcecode.swift; path = RootTabBarController.swift; sourceTree = "<group>"; };
		9506E0042170B03D002A6FFC /* Assets.xcassets */ = {isa = PBXFileReference; lastKnownFileType = folder.assetcatalog; path = Assets.xcassets; sourceTree = "<group>"; };
		9506E0072170B03D002A6FFC /* Base */ = {isa = PBXFileReference; lastKnownFileType = file.storyboard; name = Base; path = Base.lproj/LaunchScreen.storyboard; sourceTree = "<group>"; };
		9506E0092170B03D002A6FFC /* Info.plist */ = {isa = PBXFileReference; lastKnownFileType = text.plist.xml; path = Info.plist; sourceTree = "<group>"; };
		9506E00F2170B188002A6FFC /* AllAdvertisingsController.swift */ = {isa = PBXFileReference; lastKnownFileType = sourcecode.swift; path = AllAdvertisingsController.swift; sourceTree = "<group>"; };
		9506E0112170B36D002A6FFC /* ProfileTabViewController.swift */ = {isa = PBXFileReference; lastKnownFileType = sourcecode.swift; path = ProfileTabViewController.swift; sourceTree = "<group>"; };
		9506E0152170C3EE002A6FFC /* DetailAdvertisingController.swift */ = {isa = PBXFileReference; lastKnownFileType = sourcecode.swift; path = DetailAdvertisingController.swift; sourceTree = "<group>"; };
		9508F193217245CA00A5F4E0 /* UIView+Helper.swift */ = {isa = PBXFileReference; lastKnownFileType = sourcecode.swift; path = "UIView+Helper.swift"; sourceTree = "<group>"; };
		9508F19521724A1A00A5F4E0 /* AdvertisingModel.swift */ = {isa = PBXFileReference; lastKnownFileType = sourcecode.swift; path = AdvertisingModel.swift; sourceTree = "<group>"; };
		9524FBCC218181A700650937 /* Protocols.swift */ = {isa = PBXFileReference; lastKnownFileType = sourcecode.swift; path = Protocols.swift; sourceTree = "<group>"; };
		9553BCFD218B9594001B28F7 /* PopupChooseLocationViewController.swift */ = {isa = PBXFileReference; lastKnownFileType = sourcecode.swift; path = PopupChooseLocationViewController.swift; sourceTree = "<group>"; };
		957FC84421710CB10011CD8C /* UIButton+Helper.swift */ = {isa = PBXFileReference; lastKnownFileType = sourcecode.swift; path = "UIButton+Helper.swift"; sourceTree = "<group>"; };
		957FC846217127650011CD8C /* NewAdvertisingController.swift */ = {isa = PBXFileReference; lastKnownFileType = sourcecode.swift; path = NewAdvertisingController.swift; sourceTree = "<group>"; };
		95A28173217EF6B7004162A3 /* NewAdvertisingImageCell.swift */ = {isa = PBXFileReference; lastKnownFileType = sourcecode.swift; path = NewAdvertisingImageCell.swift; sourceTree = "<group>"; };
		95C563E0217906A60084C265 /* UIImageView+Helper.swift */ = {isa = PBXFileReference; lastKnownFileType = sourcecode.swift; path = "UIImageView+Helper.swift"; sourceTree = "<group>"; };
		95CE1A062175A76300673470 /* Utils.swift */ = {isa = PBXFileReference; lastKnownFileType = sourcecode.swift; path = Utils.swift; sourceTree = "<group>"; };
		95CE1A082175A78700673470 /* UILabel+Helper.swift */ = {isa = PBXFileReference; lastKnownFileType = sourcecode.swift; path = "UILabel+Helper.swift"; sourceTree = "<group>"; };
		95D8D8B4218CF584002EF37F /* PopupChooseLocationTableViewCell.swift */ = {isa = PBXFileReference; lastKnownFileType = sourcecode.swift; path = PopupChooseLocationTableViewCell.swift; sourceTree = "<group>"; };
		95D92A042171AF4F0019FAFF /* CustomNavigationController.swift */ = {isa = PBXFileReference; lastKnownFileType = sourcecode.swift; path = CustomNavigationController.swift; sourceTree = "<group>"; };
		95D92A082171B30C0019FAFF /* AdvertisingCell.swift */ = {isa = PBXFileReference; lastKnownFileType = sourcecode.swift; path = AdvertisingCell.swift; sourceTree = "<group>"; };
		95D92A0A2171B3330019FAFF /* BaseCell.swift */ = {isa = PBXFileReference; lastKnownFileType = sourcecode.swift; path = BaseCell.swift; sourceTree = "<group>"; };
		95D92A0D2171D2030019FAFF /* UIColor+Helper.swift */ = {isa = PBXFileReference; lastKnownFileType = sourcecode.swift; path = "UIColor+Helper.swift"; sourceTree = "<group>"; };
		95D92A0F2171D2340019FAFF /* UIImage+Helper.swift */ = {isa = PBXFileReference; lastKnownFileType = sourcecode.swift; path = "UIImage+Helper.swift"; sourceTree = "<group>"; };
		95E8EE44217DE51700735627 /* Const.swift */ = {isa = PBXFileReference; lastKnownFileType = sourcecode.swift; path = Const.swift; sourceTree = "<group>"; };
		95E8EE46217DF36800735627 /* MyAdvertisingsViewController.swift */ = {isa = PBXFileReference; lastKnownFileType = sourcecode.swift; path = MyAdvertisingsViewController.swift; sourceTree = "<group>"; };
		95E8EE48217DF93F00735627 /* LoginAndRegisterViewController.swift */ = {isa = PBXFileReference; lastKnownFileType = sourcecode.swift; path = LoginAndRegisterViewController.swift; sourceTree = "<group>"; };
		95E8EE4A217E01B300735627 /* MyFavAdvertisingViewController.swift */ = {isa = PBXFileReference; lastKnownFileType = sourcecode.swift; path = MyFavAdvertisingViewController.swift; sourceTree = "<group>"; };
		95E8EE4C217E01CF00735627 /* AboutDivarViewController.swift */ = {isa = PBXFileReference; lastKnownFileType = sourcecode.swift; path = AboutDivarViewController.swift; sourceTree = "<group>"; };
		95E8EE4E217E01E100735627 /* AboutUsViewController.swift */ = {isa = PBXFileReference; lastKnownFileType = sourcecode.swift; path = AboutUsViewController.swift; sourceTree = "<group>"; };
		95E9A3E3218B643100274016 /* CustomPopupVeiwController.swift */ = {isa = PBXFileReference; lastKnownFileType = sourcecode.swift; path = CustomPopupVeiwController.swift; sourceTree = "<group>"; };
		95FF44BF218726E5005E83FE /* KeychainItemAccessibility.swift */ = {isa = PBXFileReference; lastKnownFileType = sourcecode.swift; path = KeychainItemAccessibility.swift; sourceTree = "<group>"; };
		95FF44C12187274D005E83FE /* KeychainWrapper.swift */ = {isa = PBXFileReference; lastKnownFileType = sourcecode.swift; path = KeychainWrapper.swift; sourceTree = "<group>"; };
		95FF44C421874908005E83FE /* BaseService.swift */ = {isa = PBXFileReference; lastKnownFileType = sourcecode.swift; path = BaseService.swift; sourceTree = "<group>"; };
		95FF44C621874977005E83FE /* APIService.swift */ = {isa = PBXFileReference; lastKnownFileType = sourcecode.swift; path = APIService.swift; sourceTree = "<group>"; };
		DF4EDA1242B80893DFA07382 /* Pods_Test1.framework */ = {isa = PBXFileReference; explicitFileType = wrapper.framework; includeInIndex = 0; path = Pods_Test1.framework; sourceTree = BUILT_PRODUCTS_DIR; };
		F3F9D7D341AC4FD2AE32B11D /* Pods-Test1.release.xcconfig */ = {isa = PBXFileReference; includeInIndex = 1; lastKnownFileType = text.xcconfig; name = "Pods-Test1.release.xcconfig"; path = "Pods/Target Support Files/Pods-Test1/Pods-Test1.release.xcconfig"; sourceTree = "<group>"; };
/* End PBXFileReference section */

/* Begin PBXFrameworksBuildPhase section */
		9506DFF72170B03B002A6FFC /* Frameworks */ = {
			isa = PBXFrameworksBuildPhase;
			buildActionMask = 2147483647;
			files = (
				51F03DFC1254E20360E71844 /* Pods_Test1.framework in Frameworks */,
			);
			runOnlyForDeploymentPostprocessing = 0;
		};
/* End PBXFrameworksBuildPhase section */

/* Begin PBXGroup section */
		0A62020B315C9039FF519CA0 /* Frameworks */ = {
			isa = PBXGroup;
			children = (
				DF4EDA1242B80893DFA07382 /* Pods_Test1.framework */,
			);
			name = Frameworks;
			sourceTree = "<group>";
		};
		5881382D818EAA7B81A8DC8A /* Pods */ = {
			isa = PBXGroup;
			children = (
				789D039395947D08F8D8FD30 /* Pods-Test1.debug.xcconfig */,
				F3F9D7D341AC4FD2AE32B11D /* Pods-Test1.release.xcconfig */,
			);
			name = Pods;
			sourceTree = "<group>";
		};
		9506DFF12170B03B002A6FFC = {
			isa = PBXGroup;
			children = (
				9506DFFC2170B03B002A6FFC /* Test1 */,
				9506DFFB2170B03B002A6FFC /* Products */,
				5881382D818EAA7B81A8DC8A /* Pods */,
				0A62020B315C9039FF519CA0 /* Frameworks */,
			);
			sourceTree = "<group>";
		};
		9506DFFB2170B03B002A6FFC /* Products */ = {
			isa = PBXGroup;
			children = (
				9506DFFA2170B03B002A6FFC /* Test1.app */,
			);
			name = Products;
			sourceTree = "<group>";
		};
		9506DFFC2170B03B002A6FFC /* Test1 */ = {
			isa = PBXGroup;
			children = (
				95BF336E21721BBC00050769 /* Model */,
				957FC849217128300011CD8C /* View */,
				957FC848217127970011CD8C /* Controller */,
				95FF44C3218748EF005E83FE /* API */,
				95D92A0C2171BD340019FAFF /* Extension */,
				9524FBCB2181817600650937 /* Protocols */,
				9506DFFD2170B03B002A6FFC /* AppDelegate.swift */,
				9506E0062170B03D002A6FFC /* LaunchScreen.storyboard */,
				9506E0042170B03D002A6FFC /* Assets.xcassets */,
				9506E0092170B03D002A6FFC /* Info.plist */,
			);
			path = Test1;
			sourceTree = "<group>";
		};
		9524FBCB2181817600650937 /* Protocols */ = {
			isa = PBXGroup;
			children = (
				9524FBCC218181A700650937 /* Protocols.swift */,
			);
			path = Protocols;
			sourceTree = "<group>";
		};
		957FC848217127970011CD8C /* Controller */ = {
			isa = PBXGroup;
			children = (
				95DA3221217CF3FD006B55A0 /* Main */,
				95DA321E217CF382006B55A0 /* AllAdvertisings */,
				95DA3220217CF3C6006B55A0 /* Profile */,
				95DA321F217CF3B0006B55A0 /* NewAdvertising */,
			);
			path = Controller;
			sourceTree = "<group>";
		};
		957FC849217128300011CD8C /* View */ = {
			isa = PBXGroup;
			children = (
				95D92A072171B2B30019FAFF /* Cell */,
			);
			path = View;
			sourceTree = "<group>";
		};
		959978BF2186D73D00B9DAD0 /* view */ = {
			isa = PBXGroup;
			children = (
				9508F193217245CA00A5F4E0 /* UIView+Helper.swift */,
				957FC84421710CB10011CD8C /* UIButton+Helper.swift */,
				95C563E0217906A60084C265 /* UIImageView+Helper.swift */,
				95D92A0F2171D2340019FAFF /* UIImage+Helper.swift */,
				95CE1A082175A78700673470 /* UILabel+Helper.swift */,
			);
			path = view;
			sourceTree = "<group>";
		};
		959978C02186D75800B9DAD0 /* utils */ = {
			isa = PBXGroup;
			children = (
				95D92A0D2171D2030019FAFF /* UIColor+Helper.swift */,
				95CE1A062175A76300673470 /* Utils.swift */,
				95FF44BF218726E5005E83FE /* KeychainItemAccessibility.swift */,
				95FF44C12187274D005E83FE /* KeychainWrapper.swift */,
			);
			path = utils;
			sourceTree = "<group>";
		};
		95BF336E21721BBC00050769 /* Model */ = {
			isa = PBXGroup;
			children = (
				9508F19521724A1A00A5F4E0 /* AdvertisingModel.swift */,
				95E8EE44217DE51700735627 /* Const.swift */,
			);
			path = Model;
			sourceTree = "<group>";
		};
		95D92A072171B2B30019FAFF /* Cell */ = {
			isa = PBXGroup;
			children = (
				95D92A082171B30C0019FAFF /* AdvertisingCell.swift */,
				95D92A0A2171B3330019FAFF /* BaseCell.swift */,
				95A28173217EF6B7004162A3 /* NewAdvertisingImageCell.swift */,
				95D8D8B4218CF584002EF37F /* PopupChooseLocationTableViewCell.swift */,
			);
			path = Cell;
			sourceTree = "<group>";
		};
		95D92A0C2171BD340019FAFF /* Extension */ = {
			isa = PBXGroup;
			children = (
				95E9A3E2218B641800274016 /* controller */,
				959978BF2186D73D00B9DAD0 /* view */,
				959978C02186D75800B9DAD0 /* utils */,
			);
			path = Extension;
			sourceTree = "<group>";
		};
		95DA321E217CF382006B55A0 /* AllAdvertisings */ = {
			isa = PBXGroup;
			children = (
				9506E00F2170B188002A6FFC /* AllAdvertisingsController.swift */,
				9506E0152170C3EE002A6FFC /* DetailAdvertisingController.swift */,
			);
			path = AllAdvertisings;
			sourceTree = "<group>";
		};
		95DA321F217CF3B0006B55A0 /* NewAdvertising */ = {
			isa = PBXGroup;
			children = (
				957FC846217127650011CD8C /* NewAdvertisingController.swift */,
				9553BCFD218B9594001B28F7 /* PopupChooseLocationViewController.swift */,
			);
			path = NewAdvertising;
			sourceTree = "<group>";
		};
		95DA3220217CF3C6006B55A0 /* Profile */ = {
			isa = PBXGroup;
			children = (
				9506E0112170B36D002A6FFC /* ProfileTabViewController.swift */,
				95E8EE46217DF36800735627 /* MyAdvertisingsViewController.swift */,
				95E8EE48217DF93F00735627 /* LoginAndRegisterViewController.swift */,
				95E8EE4A217E01B300735627 /* MyFavAdvertisingViewController.swift */,
				95E8EE4C217E01CF00735627 /* AboutDivarViewController.swift */,
				95E8EE4E217E01E100735627 /* AboutUsViewController.swift */,
			);
			path = Profile;
			sourceTree = "<group>";
		};
		95DA3221217CF3FD006B55A0 /* Main */ = {
			isa = PBXGroup;
			children = (
				9506DFFF2170B03B002A6FFC /* RootTabBarController.swift */,
				95D92A042171AF4F0019FAFF /* CustomNavigationController.swift */,
			);
			path = Main;
			sourceTree = "<group>";
		};
		95E9A3E2218B641800274016 /* controller */ = {
			isa = PBXGroup;
			children = (
				95E9A3E3218B643100274016 /* CustomPopupVeiwController.swift */,
			);
			path = controller;
			sourceTree = "<group>";
		};
		95FF44C3218748EF005E83FE /* API */ = {
			isa = PBXGroup;
			children = (
				95FF44C421874908005E83FE /* BaseService.swift */,
				95FF44C621874977005E83FE /* APIService.swift */,
			);
			path = API;
			sourceTree = "<group>";
		};
/* End PBXGroup section */

/* Begin PBXNativeTarget section */
		9506DFF92170B03B002A6FFC /* Test1 */ = {
			isa = PBXNativeTarget;
			buildConfigurationList = 9506E00C2170B03D002A6FFC /* Build configuration list for PBXNativeTarget "Test1" */;
			buildPhases = (
				AC1230937FFEA8AEAC2C304E /* [CP] Check Pods Manifest.lock */,
				9506DFF62170B03B002A6FFC /* Sources */,
				9506DFF72170B03B002A6FFC /* Frameworks */,
				9506DFF82170B03B002A6FFC /* Resources */,
				869F8E787253C438FD8B7C03 /* [CP] Embed Pods Frameworks */,
			);
			buildRules = (
			);
			dependencies = (
			);
			name = Test1;
			productName = Test1;
			productReference = 9506DFFA2170B03B002A6FFC /* Test1.app */;
			productType = "com.apple.product-type.application";
		};
/* End PBXNativeTarget section */

/* Begin PBXProject section */
		9506DFF22170B03B002A6FFC /* Project object */ = {
			isa = PBXProject;
			attributes = {
				LastSwiftUpdateCheck = 1000;
				LastUpgradeCheck = 1000;
				ORGANIZATIONNAME = "Masoud Heydari";
				TargetAttributes = {
					9506DFF92170B03B002A6FFC = {
						CreatedOnToolsVersion = 10.0;
					};
				};
			};
			buildConfigurationList = 9506DFF52170B03B002A6FFC /* Build configuration list for PBXProject "Test1" */;
			compatibilityVersion = "Xcode 9.3";
			developmentRegion = en;
			hasScannedForEncodings = 0;
			knownRegions = (
				en,
				Base,
			);
			mainGroup = 9506DFF12170B03B002A6FFC;
			productRefGroup = 9506DFFB2170B03B002A6FFC /* Products */;
			projectDirPath = "";
			projectRoot = "";
			targets = (
				9506DFF92170B03B002A6FFC /* Test1 */,
			);
		};
/* End PBXProject section */

/* Begin PBXResourcesBuildPhase section */
		9506DFF82170B03B002A6FFC /* Resources */ = {
			isa = PBXResourcesBuildPhase;
			buildActionMask = 2147483647;
			files = (
				9506E0082170B03D002A6FFC /* LaunchScreen.storyboard in Resources */,
				9506E0052170B03D002A6FFC /* Assets.xcassets in Resources */,
			);
			runOnlyForDeploymentPostprocessing = 0;
		};
/* End PBXResourcesBuildPhase section */

/* Begin PBXShellScriptBuildPhase section */
		869F8E787253C438FD8B7C03 /* [CP] Embed Pods Frameworks */ = {
			isa = PBXShellScriptBuildPhase;
			buildActionMask = 2147483647;
			files = (
			);
			inputFileListPaths = (
			);
			inputPaths = (
				"${SRCROOT}/Pods/Target Support Files/Pods-Test1/Pods-Test1-frameworks.sh",
				"${BUILT_PRODUCTS_DIR}/Alamofire/Alamofire.framework",
				"${BUILT_PRODUCTS_DIR}/AlamofireImage/AlamofireImage.framework",
				"${BUILT_PRODUCTS_DIR}/IQKeyboardManagerSwift/IQKeyboardManagerSwift.framework",
				"${BUILT_PRODUCTS_DIR}/SDWebImage/SDWebImage.framework",
				"${BUILT_PRODUCTS_DIR}/SwiftyJSON/SwiftyJSON.framework",
			);
			name = "[CP] Embed Pods Frameworks";
			outputFileListPaths = (
			);
			outputPaths = (
				"${TARGET_BUILD_DIR}/${FRAMEWORKS_FOLDER_PATH}/Alamofire.framework",
				"${TARGET_BUILD_DIR}/${FRAMEWORKS_FOLDER_PATH}/AlamofireImage.framework",
				"${TARGET_BUILD_DIR}/${FRAMEWORKS_FOLDER_PATH}/IQKeyboardManagerSwift.framework",
				"${TARGET_BUILD_DIR}/${FRAMEWORKS_FOLDER_PATH}/SDWebImage.framework",
				"${TARGET_BUILD_DIR}/${FRAMEWORKS_FOLDER_PATH}/SwiftyJSON.framework",
			);
			runOnlyForDeploymentPostprocessing = 0;
			shellPath = /bin/sh;
			shellScript = "\"${SRCROOT}/Pods/Target Support Files/Pods-Test1/Pods-Test1-frameworks.sh\"\n";
			showEnvVarsInLog = 0;
		};
		AC1230937FFEA8AEAC2C304E /* [CP] Check Pods Manifest.lock */ = {
			isa = PBXShellScriptBuildPhase;
			buildActionMask = 2147483647;
			files = (
			);
			inputFileListPaths = (
			);
			inputPaths = (
				"${PODS_PODFILE_DIR_PATH}/Podfile.lock",
				"${PODS_ROOT}/Manifest.lock",
			);
			name = "[CP] Check Pods Manifest.lock";
			outputFileListPaths = (
			);
			outputPaths = (
				"$(DERIVED_FILE_DIR)/Pods-Test1-checkManifestLockResult.txt",
			);
			runOnlyForDeploymentPostprocessing = 0;
			shellPath = /bin/sh;
			shellScript = "diff \"${PODS_PODFILE_DIR_PATH}/Podfile.lock\" \"${PODS_ROOT}/Manifest.lock\" > /dev/null\nif [ $? != 0 ] ; then\n    # print error to STDERR\n    echo \"error: The sandbox is not in sync with the Podfile.lock. Run 'pod install' or update your CocoaPods installation.\" >&2\n    exit 1\nfi\n# This output is used by Xcode 'outputs' to avoid re-running this script phase.\necho \"SUCCESS\" > \"${SCRIPT_OUTPUT_FILE_0}\"\n";
			showEnvVarsInLog = 0;
		};
/* End PBXShellScriptBuildPhase section */

/* Begin PBXSourcesBuildPhase section */
		9506DFF62170B03B002A6FFC /* Sources */ = {
			isa = PBXSourcesBuildPhase;
			buildActionMask = 2147483647;
			files = (
				95E8EE49217DF93F00735627 /* LoginAndRegisterViewController.swift in Sources */,
				9508F194217245CA00A5F4E0 /* UIView+Helper.swift in Sources */,
				95FF44C721874977005E83FE /* APIService.swift in Sources */,
				957FC847217127650011CD8C /* NewAdvertisingController.swift in Sources */,
				9508F19621724A1A00A5F4E0 /* AdvertisingModel.swift in Sources */,
				95FF44C521874908005E83FE /* BaseService.swift in Sources */,
				95E9A3E4218B643100274016 /* CustomPopupVeiwController.swift in Sources */,
				9506E0002170B03B002A6FFC /* RootTabBarController.swift in Sources */,
				9506E0102170B188002A6FFC /* AllAdvertisingsController.swift in Sources */,
				95CE1A072175A76300673470 /* Utils.swift in Sources */,
				9506E0162170C3EE002A6FFC /* DetailAdvertisingController.swift in Sources */,
				957FC84521710CB10011CD8C /* UIButton+Helper.swift in Sources */,
				95CE1A092175A78700673470 /* UILabel+Helper.swift in Sources */,
				95E8EE4D217E01CF00735627 /* AboutDivarViewController.swift in Sources */,
				95D92A092171B30C0019FAFF /* AdvertisingCell.swift in Sources */,
				9506E0122170B36D002A6FFC /* ProfileTabViewController.swift in Sources */,
				95A28174217EF6B7004162A3 /* NewAdvertisingImageCell.swift in Sources */,
				95D92A102171D2340019FAFF /* UIImage+Helper.swift in Sources */,
				9506DFFE2170B03B002A6FFC /* AppDelegate.swift in Sources */,
				95D8D8B5218CF584002EF37F /* PopupChooseLocationTableViewCell.swift in Sources */,
				95FF44C22187274D005E83FE /* KeychainWrapper.swift in Sources */,
				9524FBCD218181A700650937 /* Protocols.swift in Sources */,
				95D92A0E2171D2030019FAFF /* UIColor+Helper.swift in Sources */,
				95E8EE4F217E01E100735627 /* AboutUsViewController.swift in Sources */,
				95C563E1217906A60084C265 /* UIImageView+Helper.swift in Sources */,
				95E8EE47217DF36800735627 /* MyAdvertisingsViewController.swift in Sources */,
				95D92A0B2171B3330019FAFF /* BaseCell.swift in Sources */,
				95D92A052171AF4F0019FAFF /* CustomNavigationController.swift in Sources */,
				95FF44C0218726E5005E83FE /* KeychainItemAccessibility.swift in Sources */,
				9553BCFE218B9594001B28F7 /* PopupChooseLocationViewController.swift in Sources */,
				95E8EE4B217E01B300735627 /* MyFavAdvertisingViewController.swift in Sources */,
				95E8EE45217DE51700735627 /* Const.swift in Sources */,
			);
			runOnlyForDeploymentPostprocessing = 0;
		};
/* End PBXSourcesBuildPhase section */

/* Begin PBXVariantGroup section */
		9506E0062170B03D002A6FFC /* LaunchScreen.storyboard */ = {
			isa = PBXVariantGroup;
			children = (
				9506E0072170B03D002A6FFC /* Base */,
			);
			name = LaunchScreen.storyboard;
			sourceTree = "<group>";
		};
/* End PBXVariantGroup section */

/* Begin XCBuildConfiguration section */
		9506E00A2170B03D002A6FFC /* Debug */ = {
			isa = XCBuildConfiguration;
			buildSettings = {
				ALWAYS_SEARCH_USER_PATHS = NO;
				CLANG_ANALYZER_NONNULL = YES;
				CLANG_ANALYZER_NUMBER_OBJECT_CONVERSION = YES_AGGRESSIVE;
				CLANG_CXX_LANGUAGE_STANDARD = "gnu++14";
				CLANG_CXX_LIBRARY = "libc++";
				CLANG_ENABLE_MODULES = YES;
				CLANG_ENABLE_OBJC_ARC = YES;
				CLANG_ENABLE_OBJC_WEAK = YES;
				CLANG_WARN_BLOCK_CAPTURE_AUTORELEASING = YES;
				CLANG_WARN_BOOL_CONVERSION = YES;
				CLANG_WARN_COMMA = YES;
				CLANG_WARN_CONSTANT_CONVERSION = YES;
				CLANG_WARN_DEPRECATED_OBJC_IMPLEMENTATIONS = YES;
				CLANG_WARN_DIRECT_OBJC_ISA_USAGE = YES_ERROR;
				CLANG_WARN_DOCUMENTATION_COMMENTS = YES;
				CLANG_WARN_EMPTY_BODY = YES;
				CLANG_WARN_ENUM_CONVERSION = YES;
				CLANG_WARN_INFINITE_RECURSION = YES;
				CLANG_WARN_INT_CONVERSION = YES;
				CLANG_WARN_NON_LITERAL_NULL_CONVERSION = YES;
				CLANG_WARN_OBJC_IMPLICIT_RETAIN_SELF = YES;
				CLANG_WARN_OBJC_LITERAL_CONVERSION = YES;
				CLANG_WARN_OBJC_ROOT_CLASS = YES_ERROR;
				CLANG_WARN_RANGE_LOOP_ANALYSIS = YES;
				CLANG_WARN_STRICT_PROTOTYPES = YES;
				CLANG_WARN_SUSPICIOUS_MOVE = YES;
				CLANG_WARN_UNGUARDED_AVAILABILITY = YES_AGGRESSIVE;
				CLANG_WARN_UNREACHABLE_CODE = YES;
				CLANG_WARN__DUPLICATE_METHOD_MATCH = YES;
				CODE_SIGN_IDENTITY = "iPhone Developer";
				COPY_PHASE_STRIP = NO;
				DEBUG_INFORMATION_FORMAT = dwarf;
				ENABLE_STRICT_OBJC_MSGSEND = YES;
				ENABLE_TESTABILITY = YES;
				GCC_C_LANGUAGE_STANDARD = gnu11;
				GCC_DYNAMIC_NO_PIC = NO;
				GCC_NO_COMMON_BLOCKS = YES;
				GCC_OPTIMIZATION_LEVEL = 0;
				GCC_PREPROCESSOR_DEFINITIONS = (
					"DEBUG=1",
					"$(inherited)",
				);
				GCC_WARN_64_TO_32_BIT_CONVERSION = YES;
				GCC_WARN_ABOUT_RETURN_TYPE = YES_ERROR;
				GCC_WARN_UNDECLARED_SELECTOR = YES;
				GCC_WARN_UNINITIALIZED_AUTOS = YES_AGGRESSIVE;
				GCC_WARN_UNUSED_FUNCTION = YES;
				GCC_WARN_UNUSED_VARIABLE = YES;
				IPHONEOS_DEPLOYMENT_TARGET = 12.0;
				MTL_ENABLE_DEBUG_INFO = INCLUDE_SOURCE;
				MTL_FAST_MATH = YES;
				ONLY_ACTIVE_ARCH = YES;
				SDKROOT = iphoneos;
				SWIFT_ACTIVE_COMPILATION_CONDITIONS = DEBUG;
				SWIFT_OPTIMIZATION_LEVEL = "-Onone";
			};
			name = Debug;
		};
		9506E00B2170B03D002A6FFC /* Release */ = {
			isa = XCBuildConfiguration;
			buildSettings = {
				ALWAYS_SEARCH_USER_PATHS = NO;
				CLANG_ANALYZER_NONNULL = YES;
				CLANG_ANALYZER_NUMBER_OBJECT_CONVERSION = YES_AGGRESSIVE;
				CLANG_CXX_LANGUAGE_STANDARD = "gnu++14";
				CLANG_CXX_LIBRARY = "libc++";
				CLANG_ENABLE_MODULES = YES;
				CLANG_ENABLE_OBJC_ARC = YES;
				CLANG_ENABLE_OBJC_WEAK = YES;
				CLANG_WARN_BLOCK_CAPTURE_AUTORELEASING = YES;
				CLANG_WARN_BOOL_CONVERSION = YES;
				CLANG_WARN_COMMA = YES;
				CLANG_WARN_CONSTANT_CONVERSION = YES;
				CLANG_WARN_DEPRECATED_OBJC_IMPLEMENTATIONS = YES;
				CLANG_WARN_DIRECT_OBJC_ISA_USAGE = YES_ERROR;
				CLANG_WARN_DOCUMENTATION_COMMENTS = YES;
				CLANG_WARN_EMPTY_BODY = YES;
				CLANG_WARN_ENUM_CONVERSION = YES;
				CLANG_WARN_INFINITE_RECURSION = YES;
				CLANG_WARN_INT_CONVERSION = YES;
				CLANG_WARN_NON_LITERAL_NULL_CONVERSION = YES;
				CLANG_WARN_OBJC_IMPLICIT_RETAIN_SELF = YES;
				CLANG_WARN_OBJC_LITERAL_CONVERSION = YES;
				CLANG_WARN_OBJC_ROOT_CLASS = YES_ERROR;
				CLANG_WARN_RANGE_LOOP_ANALYSIS = YES;
				CLANG_WARN_STRICT_PROTOTYPES = YES;
				CLANG_WARN_SUSPICIOUS_MOVE = YES;
				CLANG_WARN_UNGUARDED_AVAILABILITY = YES_AGGRESSIVE;
				CLANG_WARN_UNREACHABLE_CODE = YES;
				CLANG_WARN__DUPLICATE_METHOD_MATCH = YES;
				CODE_SIGN_IDENTITY = "iPhone Developer";
				COPY_PHASE_STRIP = NO;
				DEBUG_INFORMATION_FORMAT = "dwarf-with-dsym";
				ENABLE_NS_ASSERTIONS = NO;
				ENABLE_STRICT_OBJC_MSGSEND = YES;
				GCC_C_LANGUAGE_STANDARD = gnu11;
				GCC_NO_COMMON_BLOCKS = YES;
				GCC_WARN_64_TO_32_BIT_CONVERSION = YES;
				GCC_WARN_ABOUT_RETURN_TYPE = YES_ERROR;
				GCC_WARN_UNDECLARED_SELECTOR = YES;
				GCC_WARN_UNINITIALIZED_AUTOS = YES_AGGRESSIVE;
				GCC_WARN_UNUSED_FUNCTION = YES;
				GCC_WARN_UNUSED_VARIABLE = YES;
				IPHONEOS_DEPLOYMENT_TARGET = 12.0;
				MTL_ENABLE_DEBUG_INFO = NO;
				MTL_FAST_MATH = YES;
				SDKROOT = iphoneos;
				SWIFT_COMPILATION_MODE = wholemodule;
				SWIFT_OPTIMIZATION_LEVEL = "-O";
				VALIDATE_PRODUCT = YES;
			};
			name = Release;
		};
		9506E00D2170B03D002A6FFC /* Debug */ = {
			isa = XCBuildConfiguration;
			baseConfigurationReference = 789D039395947D08F8D8FD30 /* Pods-Test1.debug.xcconfig */;
			buildSettings = {
				ASSETCATALOG_COMPILER_APPICON_NAME = AppIcon;
				CODE_SIGN_STYLE = Automatic;
				INFOPLIST_FILE = Test1/Info.plist;
				IPHONEOS_DEPLOYMENT_TARGET = 10.0;
				LD_RUNPATH_SEARCH_PATHS = (
					"$(inherited)",
					"@executable_path/Frameworks",
				);
				PRODUCT_BUNDLE_IDENTIFIER = masoud.heydari.com.Test1;
				PRODUCT_NAME = "$(TARGET_NAME)";
				SWIFT_VERSION = 4.2;
				TARGETED_DEVICE_FAMILY = "1,2";
			};
			name = Debug;
		};
		9506E00E2170B03D002A6FFC /* Release */ = {
			isa = XCBuildConfiguration;
			baseConfigurationReference = F3F9D7D341AC4FD2AE32B11D /* Pods-Test1.release.xcconfig */;
			buildSettings = {
				ASSETCATALOG_COMPILER_APPICON_NAME = AppIcon;
				CODE_SIGN_STYLE = Automatic;
				INFOPLIST_FILE = Test1/Info.plist;
				IPHONEOS_DEPLOYMENT_TARGET = 10.0;
				LD_RUNPATH_SEARCH_PATHS = (
					"$(inherited)",
					"@executable_path/Frameworks",
				);
				PRODUCT_BUNDLE_IDENTIFIER = masoud.heydari.com.Test1;
				PRODUCT_NAME = "$(TARGET_NAME)";
				SWIFT_VERSION = 4.2;
				TARGETED_DEVICE_FAMILY = "1,2";
			};
			name = Release;
		};
/* End XCBuildConfiguration section */

/* Begin XCConfigurationList section */
		9506DFF52170B03B002A6FFC /* Build configuration list for PBXProject "Test1" */ = {
			isa = XCConfigurationList;
			buildConfigurations = (
				9506E00A2170B03D002A6FFC /* Debug */,
				9506E00B2170B03D002A6FFC /* Release */,
			);
			defaultConfigurationIsVisible = 0;
			defaultConfigurationName = Release;
		};
		9506E00C2170B03D002A6FFC /* Build configuration list for PBXNativeTarget "Test1" */ = {
			isa = XCConfigurationList;
			buildConfigurations = (
				9506E00D2170B03D002A6FFC /* Debug */,
				9506E00E2170B03D002A6FFC /* Release */,
			);
			defaultConfigurationIsVisible = 0;
			defaultConfigurationName = Release;
		};
/* End XCConfigurationList section */
	};
	rootObject = 9506DFF22170B03B002A6FFC /* Project object */;
}
